// !$*UTF8*$!
{
	archiveVersion = 1;
	classes = {
	};
	objectVersion = 46;
	objects = {

/* Begin PBXBuildFile section */
		434871B819250089003DEBC1 /* Foundation.framework in Frameworks */ = {isa = PBXBuildFile; fileRef = 434871B719250089003DEBC1 /* Foundation.framework */; };
		434871BA19250089003DEBC1 /* CoreGraphics.framework in Frameworks */ = {isa = PBXBuildFile; fileRef = 434871B919250089003DEBC1 /* CoreGraphics.framework */; };
		434871BC19250089003DEBC1 /* UIKit.framework in Frameworks */ = {isa = PBXBuildFile; fileRef = 434871BB19250089003DEBC1 /* UIKit.framework */; };
		434871C219250089003DEBC1 /* InfoPlist.strings in Resources */ = {isa = PBXBuildFile; fileRef = 434871C019250089003DEBC1 /* InfoPlist.strings */; };
		434871C419250089003DEBC1 /* main.m in Sources */ = {isa = PBXBuildFile; fileRef = 434871C319250089003DEBC1 /* main.m */; };
		434871C819250089003DEBC1 /* AppDelegate.m in Sources */ = {isa = PBXBuildFile; fileRef = 434871C719250089003DEBC1 /* AppDelegate.m */; };
		434871CB19250089003DEBC1 /* Main_iPhone.storyboard in Resources */ = {isa = PBXBuildFile; fileRef = 434871C919250089003DEBC1 /* Main_iPhone.storyboard */; };
		434871CE19250089003DEBC1 /* Main_iPad.storyboard in Resources */ = {isa = PBXBuildFile; fileRef = 434871CC19250089003DEBC1 /* Main_iPad.storyboard */; };
		434871D119250089003DEBC1 /* MasterViewController.m in Sources */ = {isa = PBXBuildFile; fileRef = 434871D019250089003DEBC1 /* MasterViewController.m */; };
		434871D419250089003DEBC1 /* DetailViewController.m in Sources */ = {isa = PBXBuildFile; fileRef = 434871D319250089003DEBC1 /* DetailViewController.m */; };
		434871D619250089003DEBC1 /* Images.xcassets in Resources */ = {isa = PBXBuildFile; fileRef = 434871D519250089003DEBC1 /* Images.xcassets */; };
		434871DD19250089003DEBC1 /* XCTest.framework in Frameworks */ = {isa = PBXBuildFile; fileRef = 434871DC19250089003DEBC1 /* XCTest.framework */; };
		434871DE19250089003DEBC1 /* Foundation.framework in Frameworks */ = {isa = PBXBuildFile; fileRef = 434871B719250089003DEBC1 /* Foundation.framework */; };
		434871DF19250089003DEBC1 /* UIKit.framework in Frameworks */ = {isa = PBXBuildFile; fileRef = 434871BB19250089003DEBC1 /* UIKit.framework */; };
		434871E719250089003DEBC1 /* InfoPlist.strings in Resources */ = {isa = PBXBuildFile; fileRef = 434871E519250089003DEBC1 /* InfoPlist.strings */; };
		434871E919250089003DEBC1 /* TimeManagerTests.m in Sources */ = {isa = PBXBuildFile; fileRef = 434871E819250089003DEBC1 /* TimeManagerTests.m */; };
/* End PBXBuildFile section */

/* Begin PBXContainerItemProxy section */
		434871E019250089003DEBC1 /* PBXContainerItemProxy */ = {
			isa = PBXContainerItemProxy;
			containerPortal = 434871AC19250089003DEBC1 /* Project object */;
			proxyType = 1;
			remoteGlobalIDString = 434871B319250089003DEBC1;
			remoteInfo = TimeManager;
		};
/* End PBXContainerItemProxy section */

/* Begin PBXFileReference section */
		434871B419250089003DEBC1 /* TimeManager.app */ = {isa = PBXFileReference; explicitFileType = wrapper.application; includeInIndex = 0; path = TimeManager.app; sourceTree = BUILT_PRODUCTS_DIR; };
		434871B719250089003DEBC1 /* Foundation.framework */ = {isa = PBXFileReference; lastKnownFileType = wrapper.framework; name = Foundation.framework; path = System/Library/Frameworks/Foundation.framework; sourceTree = SDKROOT; };
		434871B919250089003DEBC1 /* CoreGraphics.framework */ = {isa = PBXFileReference; lastKnownFileType = wrapper.framework; name = CoreGraphics.framework; path = System/Library/Frameworks/CoreGraphics.framework; sourceTree = SDKROOT; };
		434871BB19250089003DEBC1 /* UIKit.framework */ = {isa = PBXFileReference; lastKnownFileType = wrapper.framework; name = UIKit.framework; path = System/Library/Frameworks/UIKit.framework; sourceTree = SDKROOT; };
		434871BF19250089003DEBC1 /* TimeManager-Info.plist */ = {isa = PBXFileReference; lastKnownFileType = text.plist.xml; path = "TimeManager-Info.plist"; sourceTree = "<group>"; };
		434871C119250089003DEBC1 /* en */ = {isa = PBXFileReference; lastKnownFileType = text.plist.strings; name = en; path = en.lproj/InfoPlist.strings; sourceTree = "<group>"; };
		434871C319250089003DEBC1 /* main.m */ = {isa = PBXFileReference; lastKnownFileType = sourcecode.c.objc; path = main.m; sourceTree = "<group>"; };
		434871C519250089003DEBC1 /* TimeManager-Prefix.pch */ = {isa = PBXFileReference; lastKnownFileType = sourcecode.c.h; path = "TimeManager-Prefix.pch"; sourceTree = "<group>"; };
		434871C619250089003DEBC1 /* AppDelegate.h */ = {isa = PBXFileReference; lastKnownFileType = sourcecode.c.h; path = AppDelegate.h; sourceTree = "<group>"; };
		434871C719250089003DEBC1 /* AppDelegate.m */ = {isa = PBXFileReference; lastKnownFileType = sourcecode.c.objc; path = AppDelegate.m; sourceTree = "<group>"; };
		434871CA19250089003DEBC1 /* Base */ = {isa = PBXFileReference; lastKnownFileType = file.storyboard; name = Base; path = Base.lproj/Main_iPhone.storyboard; sourceTree = "<group>"; };
		434871CD19250089003DEBC1 /* Base */ = {isa = PBXFileReference; lastKnownFileType = file.storyboard; name = Base; path = Base.lproj/Main_iPad.storyboard; sourceTree = "<group>"; };
		434871CF19250089003DEBC1 /* MasterViewController.h */ = {isa = PBXFileReference; lastKnownFileType = sourcecode.c.h; path = MasterViewController.h; sourceTree = "<group>"; };
		434871D019250089003DEBC1 /* MasterViewController.m */ = {isa = PBXFileReference; lastKnownFileType = sourcecode.c.objc; path = MasterViewController.m; sourceTree = "<group>"; };
		434871D219250089003DEBC1 /* DetailViewController.h */ = {isa = PBXFileReference; lastKnownFileType = sourcecode.c.h; path = DetailViewController.h; sourceTree = "<group>"; };
		434871D319250089003DEBC1 /* DetailViewController.m */ = {isa = PBXFileReference; lastKnownFileType = sourcecode.c.objc; path = DetailViewController.m; sourceTree = "<group>"; };
		434871D519250089003DEBC1 /* Images.xcassets */ = {isa = PBXFileReference; lastKnownFileType = folder.assetcatalog; path = Images.xcassets; sourceTree = "<group>"; };
		434871DB19250089003DEBC1 /* TimeManagerTests.xctest */ = {isa = PBXFileReference; explicitFileType = wrapper.cfbundle; includeInIndex = 0; path = TimeManagerTests.xctest; sourceTree = BUILT_PRODUCTS_DIR; };
		434871DC19250089003DEBC1 /* XCTest.framework */ = {isa = PBXFileReference; lastKnownFileType = wrapper.framework; name = XCTest.framework; path = Library/Frameworks/XCTest.framework; sourceTree = DEVELOPER_DIR; };
		434871E419250089003DEBC1 /* TimeManagerTests-Info.plist */ = {isa = PBXFileReference; lastKnownFileType = text.plist.xml; path = "TimeManagerTests-Info.plist"; sourceTree = "<group>"; };
		434871E619250089003DEBC1 /* en */ = {isa = PBXFileReference; lastKnownFileType = text.plist.strings; name = en; path = en.lproj/InfoPlist.strings; sourceTree = "<group>"; };
		434871E819250089003DEBC1 /* TimeManagerTests.m */ = {isa = PBXFileReference; lastKnownFileType = sourcecode.c.objc; path = TimeManagerTests.m; sourceTree = "<group>"; };
/* End PBXFileReference section */

/* Begin PBXFrameworksBuildPhase section */
		434871B119250089003DEBC1 /* Frameworks */ = {
			isa = PBXFrameworksBuildPhase;
			buildActionMask = 2147483647;
			files = (
				434871BA19250089003DEBC1 /* CoreGraphics.framework in Frameworks */,
				434871BC19250089003DEBC1 /* UIKit.framework in Frameworks */,
				434871B819250089003DEBC1 /* Foundation.framework in Frameworks */,
			);
			runOnlyForDeploymentPostprocessing = 0;
		};
		434871D819250089003DEBC1 /* Frameworks */ = {
			isa = PBXFrameworksBuildPhase;
			buildActionMask = 2147483647;
			files = (
				434871DD19250089003DEBC1 /* XCTest.framework in Frameworks */,
				434871DF19250089003DEBC1 /* UIKit.framework in Frameworks */,
				434871DE19250089003DEBC1 /* Foundation.framework in Frameworks */,
			);
			runOnlyForDeploymentPostprocessing = 0;
		};
/* End PBXFrameworksBuildPhase section */

/* Begin PBXGroup section */
		434871AB19250089003DEBC1 = {
			isa = PBXGroup;
			children = (
				434871BD19250089003DEBC1 /* TimeManager */,
				434871E219250089003DEBC1 /* TimeManagerTests */,
				434871B619250089003DEBC1 /* Frameworks */,
				434871B519250089003DEBC1 /* Products */,
			);
			sourceTree = "<group>";
		};
		434871B519250089003DEBC1 /* Products */ = {
			isa = PBXGroup;
			children = (
				434871B419250089003DEBC1 /* TimeManager.app */,
				434871DB19250089003DEBC1 /* TimeManagerTests.xctest */,
			);
			name = Products;
			sourceTree = "<group>";
		};
		434871B619250089003DEBC1 /* Frameworks */ = {
			isa = PBXGroup;
			children = (
				434871B719250089003DEBC1 /* Foundation.framework */,
				434871B919250089003DEBC1 /* CoreGraphics.framework */,
				434871BB19250089003DEBC1 /* UIKit.framework */,
				434871DC19250089003DEBC1 /* XCTest.framework */,
			);
			name = Frameworks;
			sourceTree = "<group>";
		};
		434871BD19250089003DEBC1 /* TimeManager */ = {
			isa = PBXGroup;
			children = (
				434871C619250089003DEBC1 /* AppDelegate.h */,
				434871C719250089003DEBC1 /* AppDelegate.m */,
				434871C919250089003DEBC1 /* Main_iPhone.storyboard */,
				434871CC19250089003DEBC1 /* Main_iPad.storyboard */,
				434871CF19250089003DEBC1 /* MasterViewController.h */,
				434871D019250089003DEBC1 /* MasterViewController.m */,
				434871D219250089003DEBC1 /* DetailViewController.h */,
				434871D319250089003DEBC1 /* DetailViewController.m */,
				434871D519250089003DEBC1 /* Images.xcassets */,
				434871BE19250089003DEBC1 /* Supporting Files */,
			);
			path = TimeManager;
			sourceTree = "<group>";
		};
		434871BE19250089003DEBC1 /* Supporting Files */ = {
			isa = PBXGroup;
			children = (
				434871BF19250089003DEBC1 /* TimeManager-Info.plist */,
				434871C019250089003DEBC1 /* InfoPlist.strings */,
				434871C319250089003DEBC1 /* main.m */,
				434871C519250089003DEBC1 /* TimeManager-Prefix.pch */,
			);
			name = "Supporting Files";
			sourceTree = "<group>";
		};
		434871E219250089003DEBC1 /* TimeManagerTests */ = {
			isa = PBXGroup;
			children = (
				434871E819250089003DEBC1 /* TimeManagerTests.m */,
				434871E319250089003DEBC1 /* Supporting Files */,
			);
			path = TimeManagerTests;
			sourceTree = "<group>";
		};
		434871E319250089003DEBC1 /* Supporting Files */ = {
			isa = PBXGroup;
			children = (
				434871E419250089003DEBC1 /* TimeManagerTests-Info.plist */,
				434871E519250089003DEBC1 /* InfoPlist.strings */,
			);
			name = "Supporting Files";
			sourceTree = "<group>";
		};
/* End PBXGroup section */

/* Begin PBXNativeTarget section */
		434871B319250089003DEBC1 /* TimeManager */ = {
			isa = PBXNativeTarget;
			buildConfigurationList = 434871EC19250089003DEBC1 /* Build configuration list for PBXNativeTarget "TimeManager" */;
			buildPhases = (
				434871B019250089003DEBC1 /* Sources */,
				434871B119250089003DEBC1 /* Frameworks */,
				434871B219250089003DEBC1 /* Resources */,
			);
			buildRules = (
			);
			dependencies = (
			);
			name = TimeManager;
			productName = TimeManager;
			productReference = 434871B419250089003DEBC1 /* TimeManager.app */;
			productType = "com.apple.product-type.application";
		};
		434871DA19250089003DEBC1 /* TimeManagerTests */ = {
			isa = PBXNativeTarget;
			buildConfigurationList = 434871EF19250089003DEBC1 /* Build configuration list for PBXNativeTarget "TimeManagerTests" */;
			buildPhases = (
				434871D719250089003DEBC1 /* Sources */,
				434871D819250089003DEBC1 /* Frameworks */,
				434871D919250089003DEBC1 /* Resources */,
			);
			buildRules = (
			);
			dependencies = (
				434871E119250089003DEBC1 /* PBXTargetDependency */,
			);
			name = TimeManagerTests;
			productName = TimeManagerTests;
			productReference = 434871DB19250089003DEBC1 /* TimeManagerTests.xctest */;
			productType = "com.apple.product-type.bundle.unit-test";
		};
/* End PBXNativeTarget section */

/* Begin PBXProject section */
		434871AC19250089003DEBC1 /* Project object */ = {
			isa = PBXProject;
			attributes = {
				LastUpgradeCheck = 0510;
				ORGANIZATIONNAME = "Tristan Farneau";
				TargetAttributes = {
					434871DA19250089003DEBC1 = {
						TestTargetID = 434871B319250089003DEBC1;
					};
				};
			};
			buildConfigurationList = 434871AF19250089003DEBC1 /* Build configuration list for PBXProject "TimeManager" */;
			compatibilityVersion = "Xcode 3.2";
			developmentRegion = English;
			hasScannedForEncodings = 0;
			knownRegions = (
				en,
				Base,
			);
			mainGroup = 434871AB19250089003DEBC1;
			productRefGroup = 434871B519250089003DEBC1 /* Products */;
			projectDirPath = "";
			projectRoot = "";
			targets = (
				434871B319250089003DEBC1 /* TimeManager */,
				434871DA19250089003DEBC1 /* TimeManagerTests */,
			);
		};
/* End PBXProject section */

/* Begin PBXResourcesBuildPhase section */
		434871B219250089003DEBC1 /* Resources */ = {
			isa = PBXResourcesBuildPhase;
			buildActionMask = 2147483647;
			files = (
				434871CE19250089003DEBC1 /* Main_iPad.storyboard in Resources */,
				434871D619250089003DEBC1 /* Images.xcassets in Resources */,
				434871CB19250089003DEBC1 /* Main_iPhone.storyboard in Resources */,
				434871C219250089003DEBC1 /* InfoPlist.strings in Resources */,
			);
			runOnlyForDeploymentPostprocessing = 0;
		};
		434871D919250089003DEBC1 /* Resources */ = {
			isa = PBXResourcesBuildPhase;
			buildActionMask = 2147483647;
			files = (
				434871E719250089003DEBC1 /* InfoPlist.strings in Resources */,
			);
			runOnlyForDeploymentPostprocessing = 0;
		};
/* End PBXResourcesBuildPhase section */

/* Begin PBXSourcesBuildPhase section */
		434871B019250089003DEBC1 /* Sources */ = {
			isa = PBXSourcesBuildPhase;
			buildActionMask = 2147483647;
			files = (
				434871C819250089003DEBC1 /* AppDelegate.m in Sources */,
				434871D119250089003DEBC1 /* MasterViewController.m in Sources */,
				434871C419250089003DEBC1 /* main.m in Sources */,
				434871D419250089003DEBC1 /* DetailViewController.m in Sources */,
			);
			runOnlyForDeploymentPostprocessing = 0;
		};
		434871D719250089003DEBC1 /* Sources */ = {
			isa = PBXSourcesBuildPhase;
			buildActionMask = 2147483647;
			files = (
				434871E919250089003DEBC1 /* TimeManagerTests.m in Sources */,
			);
			runOnlyForDeploymentPostprocessing = 0;
		};
/* End PBXSourcesBuildPhase section */

/* Begin PBXTargetDependency section */
		434871E119250089003DEBC1 /* PBXTargetDependency */ = {
			isa = PBXTargetDependency;
			target = 434871B319250089003DEBC1 /* TimeManager */;
			targetProxy = 434871E019250089003DEBC1 /* PBXContainerItemProxy */;
		};
/* End PBXTargetDependency section */

/* Begin PBXVariantGroup section */
		434871C019250089003DEBC1 /* InfoPlist.strings */ = {
			isa = PBXVariantGroup;
			children = (
				434871C119250089003DEBC1 /* en */,
			);
			name = InfoPlist.strings;
			sourceTree = "<group>";
		};
		434871C919250089003DEBC1 /* Main_iPhone.storyboard */ = {
			isa = PBXVariantGroup;
			children = (
				434871CA19250089003DEBC1 /* Base */,
			);
			name = Main_iPhone.storyboard;
			sourceTree = "<group>";
		};
		434871CC19250089003DEBC1 /* Main_iPad.storyboard */ = {
			isa = PBXVariantGroup;
			children = (
				434871CD19250089003DEBC1 /* Base */,
			);
			name = Main_iPad.storyboard;
			sourceTree = "<group>";
		};
		434871E519250089003DEBC1 /* InfoPlist.strings */ = {
			isa = PBXVariantGroup;
			children = (
				434871E619250089003DEBC1 /* en */,
			);
			name = InfoPlist.strings;
			sourceTree = "<group>";
		};
/* End PBXVariantGroup section */

/* Begin XCBuildConfiguration section */
		434871EA19250089003DEBC1 /* Debug */ = {
			isa = XCBuildConfiguration;
			buildSettings = {
				ALWAYS_SEARCH_USER_PATHS = NO;
				CLANG_CXX_LANGUAGE_STANDARD = "gnu++0x";
				CLANG_CXX_LIBRARY = "libc++";
				CLANG_ENABLE_MODULES = YES;
				CLANG_ENABLE_OBJC_ARC = YES;
				CLANG_WARN_BOOL_CONVERSION = YES;
				CLANG_WARN_CONSTANT_CONVERSION = YES;
				CLANG_WARN_DIRECT_OBJC_ISA_USAGE = YES_ERROR;
				CLANG_WARN_EMPTY_BODY = YES;
				CLANG_WARN_ENUM_CONVERSION = YES;
				CLANG_WARN_INT_CONVERSION = YES;
				CLANG_WARN_OBJC_ROOT_CLASS = YES_ERROR;
				CLANG_WARN__DUPLICATE_METHOD_MATCH = YES;
				"CODE_SIGN_IDENTITY[sdk=iphoneos*]" = "iPhone Developer";
				COPY_PHASE_STRIP = NO;
				GCC_C_LANGUAGE_STANDARD = gnu99;
				GCC_DYNAMIC_NO_PIC = NO;
				GCC_OPTIMIZATION_LEVEL = 0;
				GCC_PREPROCESSOR_DEFINITIONS = (
					"DEBUG=1",
					"$(inherited)",
				);
				GCC_SYMBOLS_PRIVATE_EXTERN = NO;
				GCC_WARN_64_TO_32_BIT_CONVERSION = YES;
				GCC_WARN_ABOUT_RETURN_TYPE = YES_ERROR;
				GCC_WARN_UNDECLARED_SELECTOR = YES;
				GCC_WARN_UNINITIALIZED_AUTOS = YES_AGGRESSIVE;
				GCC_WARN_UNUSED_FUNCTION = YES;
				GCC_WARN_UNUSED_VARIABLE = YES;
				IPHONEOS_DEPLOYMENT_TARGET = 7.1;
				ONLY_ACTIVE_ARCH = YES;
				SDKROOT = iphoneos;
				TARGETED_DEVICE_FAMILY = "1,2";
			};
			name = Debug;
		};
		434871EB19250089003DEBC1 /* Release */ = {
			isa = XCBuildConfiguration;
			buildSettings = {
				ALWAYS_SEARCH_USER_PATHS = NO;
				CLANG_CXX_LANGUAGE_STANDARD = "gnu++0x";
				CLANG_CXX_LIBRARY = "libc++";
				CLANG_ENABLE_MODULES = YES;
				CLANG_ENABLE_OBJC_ARC = YES;
				CLANG_WARN_BOOL_CONVERSION = YES;
				CLANG_WARN_CONSTANT_CONVERSION = YES;
				CLANG_WARN_DIRECT_OBJC_ISA_USAGE = YES_ERROR;
				CLANG_WARN_EMPTY_BODY = YES;
				CLANG_WARN_ENUM_CONVERSION = YES;
				CLANG_WARN_INT_CONVERSION = YES;
				CLANG_WARN_OBJC_ROOT_CLASS = YES_ERROR;
				CLANG_WARN__DUPLICATE_METHOD_MATCH = YES;
				"CODE_SIGN_IDENTITY[sdk=iphoneos*]" = "iPhone Developer";
				COPY_PHASE_STRIP = YES;
				ENABLE_NS_ASSERTIONS = NO;
				GCC_C_LANGUAGE_STANDARD = gnu99;
				GCC_WARN_64_TO_32_BIT_CONVERSION = YES;
				GCC_WARN_ABOUT_RETURN_TYPE = YES_ERROR;
				GCC_WARN_UNDECLARED_SELECTOR = YES;
				GCC_WARN_UNINITIALIZED_AUTOS = YES_AGGRESSIVE;
				GCC_WARN_UNUSED_FUNCTION = YES;
				GCC_WARN_UNUSED_VARIABLE = YES;
				IPHONEOS_DEPLOYMENT_TARGET = 7.1;
				SDKROOT = iphoneos;
				TARGETED_DEVICE_FAMILY = "1,2";
				VALIDATE_PRODUCT = YES;
			};
			name = Release;
		};
		434871ED19250089003DEBC1 /* Debug */ = {
			isa = XCBuildConfiguration;
			buildSettings = {
				ASSETCATALOG_COMPILER_APPICON_NAME = AppIcon;
				ASSETCATALOG_COMPILER_LAUNCHIMAGE_NAME = LaunchImage;
				GCC_PRECOMPILE_PREFIX_HEADER = YES;
				GCC_PREFIX_HEADER = "TimeManager/TimeManager-Prefix.pch";
				INFOPLIST_FILE = "TimeManager/TimeManager-Info.plist";
				PRODUCT_NAME = "$(TARGET_NAME)";
				WRAPPER_EXTENSION = app;
			};
			name = Debug;
		};
		434871EE19250089003DEBC1 /* Release */ = {
			isa = XCBuildConfiguration;
			buildSettings = {
				ASSETCATALOG_COMPILER_APPICON_NAME = AppIcon;
				ASSETCATALOG_COMPILER_LAUNCHIMAGE_NAME = LaunchImage;
				GCC_PRECOMPILE_PREFIX_HEADER = YES;
				GCC_PREFIX_HEADER = "TimeManager/TimeManager-Prefix.pch";
				INFOPLIST_FILE = "TimeManager/TimeManager-Info.plist";
				PRODUCT_NAME = "$(TARGET_NAME)";
				WRAPPER_EXTENSION = app;
			};
			name = Release;
		};
		434871F019250089003DEBC1 /* Debug */ = {
			isa = XCBuildConfiguration;
			buildSettings = {
				BUNDLE_LOADER = "$(BUILT_PRODUCTS_DIR)/TimeManager.app/TimeManager";
				FRAMEWORK_SEARCH_PATHS = (
					"$(SDKROOT)/Developer/Library/Frameworks",
					"$(inherited)",
					"$(DEVELOPER_FRAMEWORKS_DIR)",
				);
				GCC_PRECOMPILE_PREFIX_HEADER = YES;
				GCC_PREFIX_HEADER = "TimeManager/TimeManager-Prefix.pch";
				GCC_PREPROCESSOR_DEFINITIONS = (
					"DEBUG=1",
					"$(inherited)",
				);
				INFOPLIST_FILE = "TimeManagerTests/TimeManagerTests-Info.plist";
				PRODUCT_NAME = "$(TARGET_NAME)";
				TEST_HOST = "$(BUNDLE_LOADER)";
				WRAPPER_EXTENSION = xctest;
			};
			name = Debug;
		};
		434871F119250089003DEBC1 /* Release */ = {
			isa = XCBuildConfiguration;
			buildSettings = {
				BUNDLE_LOADER = "$(BUILT_PRODUCTS_DIR)/TimeManager.app/TimeManager";
				FRAMEWORK_SEARCH_PATHS = (
					"$(SDKROOT)/Developer/Library/Frameworks",
					"$(inherited)",
					"$(DEVELOPER_FRAMEWORKS_DIR)",
				);
				GCC_PRECOMPILE_PREFIX_HEADER = YES;
				GCC_PREFIX_HEADER = "TimeManager/TimeManager-Prefix.pch";
				INFOPLIST_FILE = "TimeManagerTests/TimeManagerTests-Info.plist";
				PRODUCT_NAME = "$(TARGET_NAME)";
				TEST_HOST = "$(BUNDLE_LOADER)";
				WRAPPER_EXTENSION = xctest;
			};
			name = Release;
		};
/* End XCBuildConfiguration section */

/* Begin XCConfigurationList section */
		434871AF19250089003DEBC1 /* Build configuration list for PBXProject "TimeManager" */ = {
			isa = XCConfigurationList;
			buildConfigurations = (
				434871EA19250089003DEBC1 /* Debug */,
				434871EB19250089003DEBC1 /* Release */,
			);
			defaultConfigurationIsVisible = 0;
			defaultConfigurationName = Release;
		};
		434871EC19250089003DEBC1 /* Build configuration list for PBXNativeTarget "TimeManager" */ = {
			isa = XCConfigurationList;
			buildConfigurations = (
				434871ED19250089003DEBC1 /* Debug */,
				434871EE19250089003DEBC1 /* Release */,
			);
			defaultConfigurationIsVisible = 0;
		};
		434871EF19250089003DEBC1 /* Build configuration list for PBXNativeTarget "TimeManagerTests" */ = {
			isa = XCConfigurationList;
			buildConfigurations = (
				434871F019250089003DEBC1 /* Debug */,
				434871F119250089003DEBC1 /* Release */,
			);
			defaultConfigurationIsVisible = 0;
		};
/* End XCConfigurationList section */
	};
	rootObject = 434871AC19250089003DEBC1 /* Project object */;
}
